PODS:
  - Charts (3.0.1):
    - Charts/Core (= 3.0.1)
  - Charts/Core (3.0.1)
  - Cosmos (8.0.2)

DEPENDENCIES:
  - Charts (~> 3.0.1)
  - Cosmos (~> 8.0)

SPEC CHECKSUMS:
  Charts: 0e84f4418e87dad6a9edde221fba37ebb51d3ba7
  Cosmos: 007c0b8e33a85e5363911bdd933571bbe221f7ef

PODFILE CHECKSUM: f448cdd13ca3fe026ffda6af9c441c1c7ef9be79

COCOAPODS: 1.1.1
