// !$*UTF8*$!
{
	archiveVersion = 1;
	classes = {
	};
	objectVersion = 46;
	objects = {

/* Begin PBXBuildFile section */
		450F1A2A1E4E209D00FAFBB9 /* AppDelegate.swift in Sources */ = {isa = PBXBuildFile; fileRef = 450F1A291E4E209D00FAFBB9 /* AppDelegate.swift */; };
		450F1A2C1E4E209D00FAFBB9 /* TaskTableViewController.swift in Sources */ = {isa = PBXBuildFile; fileRef = 450F1A2B1E4E209D00FAFBB9 /* TaskTableViewController.swift */; };
		450F1A311E4E209D00FAFBB9 /* Assets.xcassets in Resources */ = {isa = PBXBuildFile; fileRef = 450F1A301E4E209D00FAFBB9 /* Assets.xcassets */; };
		450F1A341E4E209D00FAFBB9 /* LaunchScreen.storyboard in Resources */ = {isa = PBXBuildFile; fileRef = 450F1A321E4E209D00FAFBB9 /* LaunchScreen.storyboard */; };
		450F1A3C1E4E74A800FAFBB9 /* Main.storyboard in Resources */ = {isa = PBXBuildFile; fileRef = 450F1A3B1E4E74A800FAFBB9 /* Main.storyboard */; };
		450F1A3E1E4E776B00FAFBB9 /* CountdownViewController.swift in Sources */ = {isa = PBXBuildFile; fileRef = 450F1A3D1E4E776B00FAFBB9 /* CountdownViewController.swift */; };
		45258FD31E5913FA00CF490E /* PopUpViewController.swift in Sources */ = {isa = PBXBuildFile; fileRef = 45258FD21E5913FA00CF490E /* PopUpViewController.swift */; };
		453E2ADC1E5B5DD900021569 /* Task.swift in Sources */ = {isa = PBXBuildFile; fileRef = 453E2ADB1E5B5DD900021569 /* Task.swift */; };
		453F74BD1E66188100BC2A0C /* OpenSans-Bold.ttf in Resources */ = {isa = PBXBuildFile; fileRef = 453F74B31E66188000BC2A0C /* OpenSans-Bold.ttf */; };
		453F74BE1E66188100BC2A0C /* OpenSans-BoldItalic.ttf in Resources */ = {isa = PBXBuildFile; fileRef = 453F74B41E66188100BC2A0C /* OpenSans-BoldItalic.ttf */; };
		453F74BF1E66188100BC2A0C /* OpenSans-ExtraBold.ttf in Resources */ = {isa = PBXBuildFile; fileRef = 453F74B51E66188100BC2A0C /* OpenSans-ExtraBold.ttf */; };
		453F74C01E66188100BC2A0C /* OpenSans-ExtraBoldItalic.ttf in Resources */ = {isa = PBXBuildFile; fileRef = 453F74B61E66188100BC2A0C /* OpenSans-ExtraBoldItalic.ttf */; };
		453F74C11E66188100BC2A0C /* OpenSans-Italic.ttf in Resources */ = {isa = PBXBuildFile; fileRef = 453F74B71E66188100BC2A0C /* OpenSans-Italic.ttf */; };
		453F74C21E66188100BC2A0C /* OpenSans-Light.ttf in Resources */ = {isa = PBXBuildFile; fileRef = 453F74B81E66188100BC2A0C /* OpenSans-Light.ttf */; };
		453F74C31E66188100BC2A0C /* OpenSans-LightItalic.ttf in Resources */ = {isa = PBXBuildFile; fileRef = 453F74B91E66188100BC2A0C /* OpenSans-LightItalic.ttf */; };
		453F74C41E66188100BC2A0C /* OpenSans-Regular.ttf in Resources */ = {isa = PBXBuildFile; fileRef = 453F74BA1E66188100BC2A0C /* OpenSans-Regular.ttf */; };
		453F74C51E66188100BC2A0C /* OpenSans-Semibold.ttf in Resources */ = {isa = PBXBuildFile; fileRef = 453F74BB1E66188100BC2A0C /* OpenSans-Semibold.ttf */; };
		453F74C61E66188100BC2A0C /* OpenSans-SemiboldItalic.ttf in Resources */ = {isa = PBXBuildFile; fileRef = 453F74BC1E66188100BC2A0C /* OpenSans-SemiboldItalic.ttf */; };
		453F74C81E66188C00BC2A0C /* Exo2-Bold.ttf in Resources */ = {isa = PBXBuildFile; fileRef = 453F74C71E66188C00BC2A0C /* Exo2-Bold.ttf */; };
		4544836A1E4EC80F00FA2ECB /* AVFoundation.framework in Frameworks */ = {isa = PBXBuildFile; fileRef = 454483691E4EC80F00FA2ECB /* AVFoundation.framework */; };
		4544836D1E4EC8BD00FA2ECB /* double_ring_from_desk_bell.mp3 in Resources */ = {isa = PBXBuildFile; fileRef = 4544836C1E4EC8BD00FA2ECB /* double_ring_from_desk_bell.mp3 */; };
		4544836F1E4ED59A00FA2ECB /* Constants.swift in Sources */ = {isa = PBXBuildFile; fileRef = 4544836E1E4ED59A00FA2ECB /* Constants.swift */; };
		45AD21921E69300D00B2508E /* OnboardingView.swift in Sources */ = {isa = PBXBuildFile; fileRef = 45AD21911E69300D00B2508E /* OnboardingView.swift */; };
		45AD21941E69335700B2508E /* OnboardingViewController.swift in Sources */ = {isa = PBXBuildFile; fileRef = 45AD21931E69335700B2508E /* OnboardingViewController.swift */; };
		45BEB4971E523BA4000554AD /* DataStore.swift in Sources */ = {isa = PBXBuildFile; fileRef = 45BEB4961E523BA4000554AD /* DataStore.swift */; };
		45F4BA721E5E360700AEBABA /* TaskCheckViewController.swift in Sources */ = {isa = PBXBuildFile; fileRef = 45F4BA711E5E360700AEBABA /* TaskCheckViewController.swift */; };
		45F4C3021E5F6715004359B3 /* SetNewTaskViewController.swift in Sources */ = {isa = PBXBuildFile; fileRef = 45F4C3011E5F6715004359B3 /* SetNewTaskViewController.swift */; };
		45F4C3041E5F6B80004359B3 /* SetTaskViewController.swift in Sources */ = {isa = PBXBuildFile; fileRef = 45F4C3031E5F6B80004359B3 /* SetTaskViewController.swift */; };
		45F4C3061E5F70B1004359B3 /* Goal.swift in Sources */ = {isa = PBXBuildFile; fileRef = 45F4C3051E5F70B1004359B3 /* Goal.swift */; };
		45F4C3081E5F79BE004359B3 /* TabBarController.swift in Sources */ = {isa = PBXBuildFile; fileRef = 45F4C3071E5F79BE004359B3 /* TabBarController.swift */; };
		45F77BAE1E64938200EBD92F /* TaskCell.swift in Sources */ = {isa = PBXBuildFile; fileRef = 45F77BAD1E64938200EBD92F /* TaskCell.swift */; };
		45FA4DE61E5CEF06000AC235 /* SetGoalViewController.swift in Sources */ = {isa = PBXBuildFile; fileRef = 45FA4DE51E5CEF06000AC235 /* SetGoalViewController.swift */; };
		D7A463BE78693F1998B3B680 /* Pods_CCR.framework in Frameworks */ = {isa = PBXBuildFile; fileRef = D8AC5C294FC8BC2793D65367 /* Pods_CCR.framework */; };
/* End PBXBuildFile section */

/* Begin PBXFileReference section */
		450F1A261E4E209D00FAFBB9 /* CCR.app */ = {isa = PBXFileReference; explicitFileType = wrapper.application; includeInIndex = 0; path = CCR.app; sourceTree = BUILT_PRODUCTS_DIR; };
		450F1A291E4E209D00FAFBB9 /* AppDelegate.swift */ = {isa = PBXFileReference; lastKnownFileType = sourcecode.swift; path = AppDelegate.swift; sourceTree = "<group>"; };
		450F1A2B1E4E209D00FAFBB9 /* TaskTableViewController.swift */ = {isa = PBXFileReference; lastKnownFileType = sourcecode.swift; path = TaskTableViewController.swift; sourceTree = "<group>"; };
		450F1A301E4E209D00FAFBB9 /* Assets.xcassets */ = {isa = PBXFileReference; lastKnownFileType = folder.assetcatalog; path = Assets.xcassets; sourceTree = "<group>"; };
		450F1A331E4E209D00FAFBB9 /* Base */ = {isa = PBXFileReference; lastKnownFileType = file.storyboard; name = Base; path = Base.lproj/LaunchScreen.storyboard; sourceTree = "<group>"; };
		450F1A351E4E209D00FAFBB9 /* Info.plist */ = {isa = PBXFileReference; lastKnownFileType = text.plist.xml; path = Info.plist; sourceTree = "<group>"; };
		450F1A3B1E4E74A800FAFBB9 /* Main.storyboard */ = {isa = PBXFileReference; fileEncoding = 4; lastKnownFileType = file.storyboard; path = Main.storyboard; sourceTree = "<group>"; };
		450F1A3D1E4E776B00FAFBB9 /* CountdownViewController.swift */ = {isa = PBXFileReference; fileEncoding = 4; lastKnownFileType = sourcecode.swift; path = CountdownViewController.swift; sourceTree = "<group>"; };
		45258FD21E5913FA00CF490E /* PopUpViewController.swift */ = {isa = PBXFileReference; fileEncoding = 4; lastKnownFileType = sourcecode.swift; path = PopUpViewController.swift; sourceTree = "<group>"; };
		453E2ADB1E5B5DD900021569 /* Task.swift */ = {isa = PBXFileReference; fileEncoding = 4; lastKnownFileType = sourcecode.swift; path = Task.swift; sourceTree = "<group>"; };
		453F74A81E66175600BC2A0C /* Exo2-Bold.ttf */ = {isa = PBXFileReference; lastKnownFileType = file; name = "Exo2-Bold.ttf"; path = "CCR/Exo2-Bold.ttf"; sourceTree = "<group>"; };
		453F74A91E66176600BC2A0C /* OpenSans-Bold.ttf */ = {isa = PBXFileReference; lastKnownFileType = file; name = "OpenSans-Bold.ttf"; path = "CCR/OpenSans-Bold.ttf"; sourceTree = "<group>"; };
		453F74AA1E66176600BC2A0C /* OpenSans-BoldItalic.ttf */ = {isa = PBXFileReference; lastKnownFileType = file; name = "OpenSans-BoldItalic.ttf"; path = "CCR/OpenSans-BoldItalic.ttf"; sourceTree = "<group>"; };
		453F74AB1E66176600BC2A0C /* OpenSans-ExtraBold.ttf */ = {isa = PBXFileReference; lastKnownFileType = file; name = "OpenSans-ExtraBold.ttf"; path = "CCR/OpenSans-ExtraBold.ttf"; sourceTree = "<group>"; };
		453F74AC1E66176600BC2A0C /* OpenSans-ExtraBoldItalic.ttf */ = {isa = PBXFileReference; lastKnownFileType = file; name = "OpenSans-ExtraBoldItalic.ttf"; path = "CCR/OpenSans-ExtraBoldItalic.ttf"; sourceTree = "<group>"; };
		453F74AD1E66176600BC2A0C /* OpenSans-Italic.ttf */ = {isa = PBXFileReference; lastKnownFileType = file; name = "OpenSans-Italic.ttf"; path = "CCR/OpenSans-Italic.ttf"; sourceTree = "<group>"; };
		453F74AE1E66176600BC2A0C /* OpenSans-Light.ttf */ = {isa = PBXFileReference; lastKnownFileType = file; name = "OpenSans-Light.ttf"; path = "CCR/OpenSans-Light.ttf"; sourceTree = "<group>"; };
		453F74AF1E66176600BC2A0C /* OpenSans-LightItalic.ttf */ = {isa = PBXFileReference; lastKnownFileType = file; name = "OpenSans-LightItalic.ttf"; path = "CCR/OpenSans-LightItalic.ttf"; sourceTree = "<group>"; };
		453F74B01E66176600BC2A0C /* OpenSans-Regular.ttf */ = {isa = PBXFileReference; lastKnownFileType = file; name = "OpenSans-Regular.ttf"; path = "CCR/OpenSans-Regular.ttf"; sourceTree = "<group>"; };
		453F74B11E66176600BC2A0C /* OpenSans-Semibold.ttf */ = {isa = PBXFileReference; lastKnownFileType = file; name = "OpenSans-Semibold.ttf"; path = "CCR/OpenSans-Semibold.ttf"; sourceTree = "<group>"; };
		453F74B21E66176600BC2A0C /* OpenSans-SemiboldItalic.ttf */ = {isa = PBXFileReference; lastKnownFileType = file; name = "OpenSans-SemiboldItalic.ttf"; path = "CCR/OpenSans-SemiboldItalic.ttf"; sourceTree = "<group>"; };
		453F74B31E66188000BC2A0C /* OpenSans-Bold.ttf */ = {isa = PBXFileReference; lastKnownFileType = file; name = "OpenSans-Bold.ttf"; path = "CCR/OpenSans-Bold.ttf"; sourceTree = "<group>"; };
		453F74B41E66188100BC2A0C /* OpenSans-BoldItalic.ttf */ = {isa = PBXFileReference; lastKnownFileType = file; name = "OpenSans-BoldItalic.ttf"; path = "CCR/OpenSans-BoldItalic.ttf"; sourceTree = "<group>"; };
		453F74B51E66188100BC2A0C /* OpenSans-ExtraBold.ttf */ = {isa = PBXFileReference; lastKnownFileType = file; name = "OpenSans-ExtraBold.ttf"; path = "CCR/OpenSans-ExtraBold.ttf"; sourceTree = "<group>"; };
		453F74B61E66188100BC2A0C /* OpenSans-ExtraBoldItalic.ttf */ = {isa = PBXFileReference; lastKnownFileType = file; name = "OpenSans-ExtraBoldItalic.ttf"; path = "CCR/OpenSans-ExtraBoldItalic.ttf"; sourceTree = "<group>"; };
		453F74B71E66188100BC2A0C /* OpenSans-Italic.ttf */ = {isa = PBXFileReference; lastKnownFileType = file; name = "OpenSans-Italic.ttf"; path = "CCR/OpenSans-Italic.ttf"; sourceTree = "<group>"; };
		453F74B81E66188100BC2A0C /* OpenSans-Light.ttf */ = {isa = PBXFileReference; lastKnownFileType = file; name = "OpenSans-Light.ttf"; path = "CCR/OpenSans-Light.ttf"; sourceTree = "<group>"; };
		453F74B91E66188100BC2A0C /* OpenSans-LightItalic.ttf */ = {isa = PBXFileReference; lastKnownFileType = file; name = "OpenSans-LightItalic.ttf"; path = "CCR/OpenSans-LightItalic.ttf"; sourceTree = "<group>"; };
		453F74BA1E66188100BC2A0C /* OpenSans-Regular.ttf */ = {isa = PBXFileReference; lastKnownFileType = file; name = "OpenSans-Regular.ttf"; path = "CCR/OpenSans-Regular.ttf"; sourceTree = "<group>"; };
		453F74BB1E66188100BC2A0C /* OpenSans-Semibold.ttf */ = {isa = PBXFileReference; lastKnownFileType = file; name = "OpenSans-Semibold.ttf"; path = "CCR/OpenSans-Semibold.ttf"; sourceTree = "<group>"; };
		453F74BC1E66188100BC2A0C /* OpenSans-SemiboldItalic.ttf */ = {isa = PBXFileReference; lastKnownFileType = file; name = "OpenSans-SemiboldItalic.ttf"; path = "CCR/OpenSans-SemiboldItalic.ttf"; sourceTree = "<group>"; };
		453F74C71E66188C00BC2A0C /* Exo2-Bold.ttf */ = {isa = PBXFileReference; lastKnownFileType = file; name = "Exo2-Bold.ttf"; path = "CCR/Exo2-Bold.ttf"; sourceTree = "<group>"; };
		454483691E4EC80F00FA2ECB /* AVFoundation.framework */ = {isa = PBXFileReference; lastKnownFileType = wrapper.framework; name = AVFoundation.framework; path = System/Library/Frameworks/AVFoundation.framework; sourceTree = SDKROOT; };
		4544836C1E4EC8BD00FA2ECB /* double_ring_from_desk_bell.mp3 */ = {isa = PBXFileReference; lastKnownFileType = audio.mp3; path = double_ring_from_desk_bell.mp3; sourceTree = "<group>"; };
		4544836E1E4ED59A00FA2ECB /* Constants.swift */ = {isa = PBXFileReference; fileEncoding = 4; lastKnownFileType = sourcecode.swift; path = Constants.swift; sourceTree = "<group>"; };
		45AD21911E69300D00B2508E /* OnboardingView.swift */ = {isa = PBXFileReference; fileEncoding = 4; lastKnownFileType = sourcecode.swift; path = OnboardingView.swift; sourceTree = "<group>"; };
		45AD21931E69335700B2508E /* OnboardingViewController.swift */ = {isa = PBXFileReference; fileEncoding = 4; lastKnownFileType = sourcecode.swift; path = OnboardingViewController.swift; sourceTree = "<group>"; };
		45BEB4961E523BA4000554AD /* DataStore.swift */ = {isa = PBXFileReference; fileEncoding = 4; lastKnownFileType = sourcecode.swift; path = DataStore.swift; sourceTree = "<group>"; };
		45F4BA711E5E360700AEBABA /* TaskCheckViewController.swift */ = {isa = PBXFileReference; fileEncoding = 4; lastKnownFileType = sourcecode.swift; path = TaskCheckViewController.swift; sourceTree = "<group>"; };
		45F4C3011E5F6715004359B3 /* SetNewTaskViewController.swift */ = {isa = PBXFileReference; fileEncoding = 4; lastKnownFileType = sourcecode.swift; path = SetNewTaskViewController.swift; sourceTree = "<group>"; };
		45F4C3031E5F6B80004359B3 /* SetTaskViewController.swift */ = {isa = PBXFileReference; fileEncoding = 4; lastKnownFileType = sourcecode.swift; path = SetTaskViewController.swift; sourceTree = "<group>"; };
		45F4C3051E5F70B1004359B3 /* Goal.swift */ = {isa = PBXFileReference; fileEncoding = 4; lastKnownFileType = sourcecode.swift; path = Goal.swift; sourceTree = "<group>"; };
		45F4C3071E5F79BE004359B3 /* TabBarController.swift */ = {isa = PBXFileReference; fileEncoding = 4; lastKnownFileType = sourcecode.swift; path = TabBarController.swift; sourceTree = "<group>"; };
		45F77BAD1E64938200EBD92F /* TaskCell.swift */ = {isa = PBXFileReference; fileEncoding = 4; lastKnownFileType = sourcecode.swift; path = TaskCell.swift; sourceTree = "<group>"; };
		45FA4DE51E5CEF06000AC235 /* SetGoalViewController.swift */ = {isa = PBXFileReference; fileEncoding = 4; lastKnownFileType = sourcecode.swift; path = SetGoalViewController.swift; sourceTree = "<group>"; };
		52265825979FFA9AD77212DC /* Pods-CCR.debug.xcconfig */ = {isa = PBXFileReference; includeInIndex = 1; lastKnownFileType = text.xcconfig; name = "Pods-CCR.debug.xcconfig"; path = "Pods/Target Support Files/Pods-CCR/Pods-CCR.debug.xcconfig"; sourceTree = "<group>"; };
		D8AC5C294FC8BC2793D65367 /* Pods_CCR.framework */ = {isa = PBXFileReference; explicitFileType = wrapper.framework; includeInIndex = 0; path = Pods_CCR.framework; sourceTree = BUILT_PRODUCTS_DIR; };
		EF36A58D27C7D9C0A3F32A28 /* Pods-CCR.release.xcconfig */ = {isa = PBXFileReference; includeInIndex = 1; lastKnownFileType = text.xcconfig; name = "Pods-CCR.release.xcconfig"; path = "Pods/Target Support Files/Pods-CCR/Pods-CCR.release.xcconfig"; sourceTree = "<group>"; };
/* End PBXFileReference section */

/* Begin PBXFrameworksBuildPhase section */
		450F1A231E4E209D00FAFBB9 /* Frameworks */ = {
			isa = PBXFrameworksBuildPhase;
			buildActionMask = 2147483647;
			files = (
				4544836A1E4EC80F00FA2ECB /* AVFoundation.framework in Frameworks */,
				D7A463BE78693F1998B3B680 /* Pods_CCR.framework in Frameworks */,
			);
			runOnlyForDeploymentPostprocessing = 0;
		};
/* End PBXFrameworksBuildPhase section */

/* Begin PBXGroup section */
		450F1A1D1E4E209D00FAFBB9 = {
			isa = PBXGroup;
			children = (
				453F74C71E66188C00BC2A0C /* Exo2-Bold.ttf */,
				453F74B31E66188000BC2A0C /* OpenSans-Bold.ttf */,
				453F74B41E66188100BC2A0C /* OpenSans-BoldItalic.ttf */,
				453F74B51E66188100BC2A0C /* OpenSans-ExtraBold.ttf */,
				453F74B61E66188100BC2A0C /* OpenSans-ExtraBoldItalic.ttf */,
				453F74B71E66188100BC2A0C /* OpenSans-Italic.ttf */,
				453F74B81E66188100BC2A0C /* OpenSans-Light.ttf */,
				453F74B91E66188100BC2A0C /* OpenSans-LightItalic.ttf */,
				453F74BA1E66188100BC2A0C /* OpenSans-Regular.ttf */,
				453F74BB1E66188100BC2A0C /* OpenSans-Semibold.ttf */,
				453F74BC1E66188100BC2A0C /* OpenSans-SemiboldItalic.ttf */,
				452DFFE41E60DC7A000B4BDA /* Fonts */,
				450F1A281E4E209D00FAFBB9 /* CCR */,
				450F1A271E4E209D00FAFBB9 /* Products */,
				454483681E4EC80E00FA2ECB /* Frameworks */,
				9186EF65C232100C2F95A134 /* Pods */,
			);
			sourceTree = "<group>";
		};
		450F1A271E4E209D00FAFBB9 /* Products */ = {
			isa = PBXGroup;
			children = (
				450F1A261E4E209D00FAFBB9 /* CCR.app */,
			);
			name = Products;
			sourceTree = "<group>";
		};
		450F1A281E4E209D00FAFBB9 /* CCR */ = {
			isa = PBXGroup;
			children = (
				4544836B1E4EC83000FA2ECB /* Supporting Files */,
				450F1A291E4E209D00FAFBB9 /* AppDelegate.swift */,
				453E2ADA1E5B3E7100021569 /* View */,
				453E2AD91E5B3E6B00021569 /* Model */,
				453E2AD81E5B3E5300021569 /* Controller */,
				450F1A301E4E209D00FAFBB9 /* Assets.xcassets */,
				450F1A351E4E209D00FAFBB9 /* Info.plist */,
			);
			path = CCR;
			sourceTree = "<group>";
		};
		452DFFE41E60DC7A000B4BDA /* Fonts */ = {
			isa = PBXGroup;
			children = (
				453F74A91E66176600BC2A0C /* OpenSans-Bold.ttf */,
				453F74AA1E66176600BC2A0C /* OpenSans-BoldItalic.ttf */,
				453F74AB1E66176600BC2A0C /* OpenSans-ExtraBold.ttf */,
				453F74AC1E66176600BC2A0C /* OpenSans-ExtraBoldItalic.ttf */,
				453F74AD1E66176600BC2A0C /* OpenSans-Italic.ttf */,
				453F74AE1E66176600BC2A0C /* OpenSans-Light.ttf */,
				453F74AF1E66176600BC2A0C /* OpenSans-LightItalic.ttf */,
				453F74B01E66176600BC2A0C /* OpenSans-Regular.ttf */,
				453F74B11E66176600BC2A0C /* OpenSans-Semibold.ttf */,
				453F74B21E66176600BC2A0C /* OpenSans-SemiboldItalic.ttf */,
				453F74A81E66175600BC2A0C /* Exo2-Bold.ttf */,
			);
			name = Fonts;
			sourceTree = "<group>";
		};
		453E2AD81E5B3E5300021569 /* Controller */ = {
			isa = PBXGroup;
			children = (
				45FA4DE51E5CEF06000AC235 /* SetGoalViewController.swift */,
				45F4C3031E5F6B80004359B3 /* SetTaskViewController.swift */,
				45F4C3071E5F79BE004359B3 /* TabBarController.swift */,
				450F1A3D1E4E776B00FAFBB9 /* CountdownViewController.swift */,
				45258FD21E5913FA00CF490E /* PopUpViewController.swift */,
				45F4BA711E5E360700AEBABA /* TaskCheckViewController.swift */,
				45F4C3011E5F6715004359B3 /* SetNewTaskViewController.swift */,
				450F1A2B1E4E209D00FAFBB9 /* TaskTableViewController.swift */,
				45AD21911E69300D00B2508E /* OnboardingView.swift */,
				45AD21931E69335700B2508E /* OnboardingViewController.swift */,
			);
			name = Controller;
			sourceTree = "<group>";
		};
		453E2AD91E5B3E6B00021569 /* Model */ = {
			isa = PBXGroup;
			children = (
				4544836E1E4ED59A00FA2ECB /* Constants.swift */,
				45BEB4961E523BA4000554AD /* DataStore.swift */,
				453E2ADB1E5B5DD900021569 /* Task.swift */,
				45F4C3051E5F70B1004359B3 /* Goal.swift */,
			);
			name = Model;
			sourceTree = "<group>";
		};
		453E2ADA1E5B3E7100021569 /* View */ = {
			isa = PBXGroup;
			children = (
				450F1A3B1E4E74A800FAFBB9 /* Main.storyboard */,
				45F77BAD1E64938200EBD92F /* TaskCell.swift */,
				450F1A321E4E209D00FAFBB9 /* LaunchScreen.storyboard */,
			);
			name = View;
			sourceTree = "<group>";
		};
		454483681E4EC80E00FA2ECB /* Frameworks */ = {
			isa = PBXGroup;
			children = (
				D8AC5C294FC8BC2793D65367 /* Pods_CCR.framework */,
			);
			name = Frameworks;
			sourceTree = "<group>";
		};
		4544836B1E4EC83000FA2ECB /* Supporting Files */ = {
			isa = PBXGroup;
			children = (
				4544836C1E4EC8BD00FA2ECB /* double_ring_from_desk_bell.mp3 */,
				454483691E4EC80F00FA2ECB /* AVFoundation.framework */,
			);
			name = "Supporting Files";
			sourceTree = "<group>";
		};
		9186EF65C232100C2F95A134 /* Pods */ = {
			isa = PBXGroup;
			children = (
				52265825979FFA9AD77212DC /* Pods-CCR.debug.xcconfig */,
				EF36A58D27C7D9C0A3F32A28 /* Pods-CCR.release.xcconfig */,
			);
			name = Pods;
			sourceTree = "<group>";
		};
/* End PBXGroup section */

/* Begin PBXNativeTarget section */
		450F1A251E4E209D00FAFBB9 /* CCR */ = {
			isa = PBXNativeTarget;
			buildConfigurationList = 450F1A381E4E209D00FAFBB9 /* Build configuration list for PBXNativeTarget "CCR" */;
			buildPhases = (
				3EAD0F9FAB0E897E13158832 /* [CP] Check Pods Manifest.lock */,
				450F1A221E4E209D00FAFBB9 /* Sources */,
				450F1A231E4E209D00FAFBB9 /* Frameworks */,
				450F1A241E4E209D00FAFBB9 /* Resources */,
				34F653996E373CAE2C22EDEE /* [CP] Embed Pods Frameworks */,
				229A366214A3976EAE0292E4 /* [CP] Copy Pods Resources */,
			);
			buildRules = (
			);
			dependencies = (
			);
			name = CCR;
			productName = CCR;
			productReference = 450F1A261E4E209D00FAFBB9 /* CCR.app */;
			productType = "com.apple.product-type.application";
		};
/* End PBXNativeTarget section */

/* Begin PBXProject section */
		450F1A1E1E4E209D00FAFBB9 /* Project object */ = {
			isa = PBXProject;
			attributes = {
				LastSwiftUpdateCheck = 0820;
				LastUpgradeCheck = 0820;
				ORGANIZATIONNAME = "Erica Millado";
				TargetAttributes = {
					450F1A251E4E209D00FAFBB9 = {
						CreatedOnToolsVersion = 8.2.1;
						DevelopmentTeam = ZG53357D46;
						ProvisioningStyle = Automatic;
					};
				};
			};
			buildConfigurationList = 450F1A211E4E209D00FAFBB9 /* Build configuration list for PBXProject "CCR" */;
			compatibilityVersion = "Xcode 3.2";
			developmentRegion = English;
			hasScannedForEncodings = 0;
			knownRegions = (
				en,
				Base,
			);
			mainGroup = 450F1A1D1E4E209D00FAFBB9;
			productRefGroup = 450F1A271E4E209D00FAFBB9 /* Products */;
			projectDirPath = "";
			projectRoot = "";
			targets = (
				450F1A251E4E209D00FAFBB9 /* CCR */,
			);
		};
/* End PBXProject section */

/* Begin PBXResourcesBuildPhase section */
		450F1A241E4E209D00FAFBB9 /* Resources */ = {
			isa = PBXResourcesBuildPhase;
			buildActionMask = 2147483647;
			files = (
				450F1A3C1E4E74A800FAFBB9 /* Main.storyboard in Resources */,
				4544836D1E4EC8BD00FA2ECB /* double_ring_from_desk_bell.mp3 in Resources */,
				450F1A341E4E209D00FAFBB9 /* LaunchScreen.storyboard in Resources */,
				453F74BD1E66188100BC2A0C /* OpenSans-Bold.ttf in Resources */,
				453F74C81E66188C00BC2A0C /* Exo2-Bold.ttf in Resources */,
				453F74BE1E66188100BC2A0C /* OpenSans-BoldItalic.ttf in Resources */,
				453F74BF1E66188100BC2A0C /* OpenSans-ExtraBold.ttf in Resources */,
				453F74C01E66188100BC2A0C /* OpenSans-ExtraBoldItalic.ttf in Resources */,
				453F74C11E66188100BC2A0C /* OpenSans-Italic.ttf in Resources */,
				453F74C21E66188100BC2A0C /* OpenSans-Light.ttf in Resources */,
				453F74C31E66188100BC2A0C /* OpenSans-LightItalic.ttf in Resources */,
				453F74C41E66188100BC2A0C /* OpenSans-Regular.ttf in Resources */,
				453F74C51E66188100BC2A0C /* OpenSans-Semibold.ttf in Resources */,
				453F74C61E66188100BC2A0C /* OpenSans-SemiboldItalic.ttf in Resources */,
				450F1A311E4E209D00FAFBB9 /* Assets.xcassets in Resources */,
			);
			runOnlyForDeploymentPostprocessing = 0;
		};
/* End PBXResourcesBuildPhase section */

/* Begin PBXShellScriptBuildPhase section */
		229A366214A3976EAE0292E4 /* [CP] Copy Pods Resources */ = {
			isa = PBXShellScriptBuildPhase;
			buildActionMask = 2147483647;
			files = (
			);
			inputPaths = (
			);
			name = "[CP] Copy Pods Resources";
			outputPaths = (
			);
			runOnlyForDeploymentPostprocessing = 0;
			shellPath = /bin/sh;
			shellScript = "\"${SRCROOT}/Pods/Target Support Files/Pods-CCR/Pods-CCR-resources.sh\"\n";
			showEnvVarsInLog = 0;
		};
		34F653996E373CAE2C22EDEE /* [CP] Embed Pods Frameworks */ = {
			isa = PBXShellScriptBuildPhase;
			buildActionMask = 2147483647;
			files = (
			);
			inputPaths = (
			);
			name = "[CP] Embed Pods Frameworks";
			outputPaths = (
			);
			runOnlyForDeploymentPostprocessing = 0;
			shellPath = /bin/sh;
			shellScript = "\"${SRCROOT}/Pods/Target Support Files/Pods-CCR/Pods-CCR-frameworks.sh\"\n";
			showEnvVarsInLog = 0;
		};
		3EAD0F9FAB0E897E13158832 /* [CP] Check Pods Manifest.lock */ = {
			isa = PBXShellScriptBuildPhase;
			buildActionMask = 2147483647;
			files = (
			);
			inputPaths = (
			);
			name = "[CP] Check Pods Manifest.lock";
			outputPaths = (
			);
			runOnlyForDeploymentPostprocessing = 0;
			shellPath = /bin/sh;
			shellScript = "diff \"${PODS_ROOT}/../Podfile.lock\" \"${PODS_ROOT}/Manifest.lock\" > /dev/null\nif [ $? != 0 ] ; then\n    # print error to STDERR\n    echo \"error: The sandbox is not in sync with the Podfile.lock. Run 'pod install' or update your CocoaPods installation.\" >&2\n    exit 1\nfi\n";
			showEnvVarsInLog = 0;
		};
/* End PBXShellScriptBuildPhase section */

/* Begin PBXSourcesBuildPhase section */
		450F1A221E4E209D00FAFBB9 /* Sources */ = {
			isa = PBXSourcesBuildPhase;
			buildActionMask = 2147483647;
			files = (
				45F4BA721E5E360700AEBABA /* TaskCheckViewController.swift in Sources */,
				450F1A3E1E4E776B00FAFBB9 /* CountdownViewController.swift in Sources */,
				45BEB4971E523BA4000554AD /* DataStore.swift in Sources */,
				45AD21921E69300D00B2508E /* OnboardingView.swift in Sources */,
				45258FD31E5913FA00CF490E /* PopUpViewController.swift in Sources */,
				450F1A2C1E4E209D00FAFBB9 /* TaskTableViewController.swift in Sources */,
				450F1A2A1E4E209D00FAFBB9 /* AppDelegate.swift in Sources */,
				453E2ADC1E5B5DD900021569 /* Task.swift in Sources */,
				45F4C3061E5F70B1004359B3 /* Goal.swift in Sources */,
				45F77BAE1E64938200EBD92F /* TaskCell.swift in Sources */,
				45F4C3041E5F6B80004359B3 /* SetTaskViewController.swift in Sources */,
				45AD21941E69335700B2508E /* OnboardingViewController.swift in Sources */,
				45FA4DE61E5CEF06000AC235 /* SetGoalViewController.swift in Sources */,
				45F4C3081E5F79BE004359B3 /* TabBarController.swift in Sources */,
				45F4C3021E5F6715004359B3 /* SetNewTaskViewController.swift in Sources */,
				4544836F1E4ED59A00FA2ECB /* Constants.swift in Sources */,
			);
			runOnlyForDeploymentPostprocessing = 0;
		};
/* End PBXSourcesBuildPhase section */

/* Begin PBXVariantGroup section */
		450F1A321E4E209D00FAFBB9 /* LaunchScreen.storyboard */ = {
			isa = PBXVariantGroup;
			children = (
				450F1A331E4E209D00FAFBB9 /* Base */,
			);
			name = LaunchScreen.storyboard;
			sourceTree = "<group>";
		};
/* End PBXVariantGroup section */

/* Begin XCBuildConfiguration section */
		450F1A361E4E209D00FAFBB9 /* Debug */ = {
			isa = XCBuildConfiguration;
			buildSettings = {
				ALWAYS_SEARCH_USER_PATHS = NO;
				CLANG_ANALYZER_NONNULL = YES;
				CLANG_CXX_LANGUAGE_STANDARD = "gnu++0x";
				CLANG_CXX_LIBRARY = "libc++";
				CLANG_ENABLE_MODULES = YES;
				CLANG_ENABLE_OBJC_ARC = YES;
				CLANG_WARN_BOOL_CONVERSION = YES;
				CLANG_WARN_CONSTANT_CONVERSION = YES;
				CLANG_WARN_DIRECT_OBJC_ISA_USAGE = YES_ERROR;
				CLANG_WARN_DOCUMENTATION_COMMENTS = YES;
				CLANG_WARN_EMPTY_BODY = YES;
				CLANG_WARN_ENUM_CONVERSION = YES;
				CLANG_WARN_INFINITE_RECURSION = YES;
				CLANG_WARN_INT_CONVERSION = YES;
				CLANG_WARN_OBJC_ROOT_CLASS = YES_ERROR;
				CLANG_WARN_SUSPICIOUS_MOVE = YES;
				CLANG_WARN_UNREACHABLE_CODE = YES;
				CLANG_WARN__DUPLICATE_METHOD_MATCH = YES;
				"CODE_SIGN_IDENTITY[sdk=iphoneos*]" = "iPhone Developer";
				COPY_PHASE_STRIP = NO;
				DEBUG_INFORMATION_FORMAT = dwarf;
				ENABLE_STRICT_OBJC_MSGSEND = YES;
				ENABLE_TESTABILITY = YES;
				GCC_C_LANGUAGE_STANDARD = gnu99;
				GCC_DYNAMIC_NO_PIC = NO;
				GCC_NO_COMMON_BLOCKS = YES;
				GCC_OPTIMIZATION_LEVEL = 0;
				GCC_PREPROCESSOR_DEFINITIONS = (
					"DEBUG=1",
					"$(inherited)",
				);
				GCC_WARN_64_TO_32_BIT_CONVERSION = YES;
				GCC_WARN_ABOUT_RETURN_TYPE = YES_ERROR;
				GCC_WARN_UNDECLARED_SELECTOR = YES;
				GCC_WARN_UNINITIALIZED_AUTOS = YES_AGGRESSIVE;
				GCC_WARN_UNUSED_FUNCTION = YES;
				GCC_WARN_UNUSED_VARIABLE = YES;
				IPHONEOS_DEPLOYMENT_TARGET = 10.2;
				MTL_ENABLE_DEBUG_INFO = YES;
				ONLY_ACTIVE_ARCH = YES;
				SDKROOT = iphoneos;
				SWIFT_ACTIVE_COMPILATION_CONDITIONS = DEBUG;
				SWIFT_OPTIMIZATION_LEVEL = "-Onone";
				TARGETED_DEVICE_FAMILY = "1,2";
			};
			name = Debug;
		};
		450F1A371E4E209D00FAFBB9 /* Release */ = {
			isa = XCBuildConfiguration;
			buildSettings = {
				ALWAYS_SEARCH_USER_PATHS = NO;
				CLANG_ANALYZER_NONNULL = YES;
				CLANG_CXX_LANGUAGE_STANDARD = "gnu++0x";
				CLANG_CXX_LIBRARY = "libc++";
				CLANG_ENABLE_MODULES = YES;
				CLANG_ENABLE_OBJC_ARC = YES;
				CLANG_WARN_BOOL_CONVERSION = YES;
				CLANG_WARN_CONSTANT_CONVERSION = YES;
				CLANG_WARN_DIRECT_OBJC_ISA_USAGE = YES_ERROR;
				CLANG_WARN_DOCUMENTATION_COMMENTS = YES;
				CLANG_WARN_EMPTY_BODY = YES;
				CLANG_WARN_ENUM_CONVERSION = YES;
				CLANG_WARN_INFINITE_RECURSION = YES;
				CLANG_WARN_INT_CONVERSION = YES;
				CLANG_WARN_OBJC_ROOT_CLASS = YES_ERROR;
				CLANG_WARN_SUSPICIOUS_MOVE = YES;
				CLANG_WARN_UNREACHABLE_CODE = YES;
				CLANG_WARN__DUPLICATE_METHOD_MATCH = YES;
				"CODE_SIGN_IDENTITY[sdk=iphoneos*]" = "iPhone Developer";
				COPY_PHASE_STRIP = NO;
				DEBUG_INFORMATION_FORMAT = "dwarf-with-dsym";
				ENABLE_NS_ASSERTIONS = NO;
				ENABLE_STRICT_OBJC_MSGSEND = YES;
				GCC_C_LANGUAGE_STANDARD = gnu99;
				GCC_NO_COMMON_BLOCKS = YES;
				GCC_WARN_64_TO_32_BIT_CONVERSION = YES;
				GCC_WARN_ABOUT_RETURN_TYPE = YES_ERROR;
				GCC_WARN_UNDECLARED_SELECTOR = YES;
				GCC_WARN_UNINITIALIZED_AUTOS = YES_AGGRESSIVE;
				GCC_WARN_UNUSED_FUNCTION = YES;
				GCC_WARN_UNUSED_VARIABLE = YES;
				IPHONEOS_DEPLOYMENT_TARGET = 10.2;
				MTL_ENABLE_DEBUG_INFO = NO;
				SDKROOT = iphoneos;
				SWIFT_OPTIMIZATION_LEVEL = "-Owholemodule";
				TARGETED_DEVICE_FAMILY = "1,2";
				VALIDATE_PRODUCT = YES;
			};
			name = Release;
		};
		450F1A391E4E209D00FAFBB9 /* Debug */ = {
			isa = XCBuildConfiguration;
			baseConfigurationReference = 52265825979FFA9AD77212DC /* Pods-CCR.debug.xcconfig */;
			buildSettings = {
				ALWAYS_EMBED_SWIFT_STANDARD_LIBRARIES = "$(inherited)";
				ASSETCATALOG_COMPILER_APPICON_NAME = AppIcon;
				DEVELOPMENT_TEAM = ZG53357D46;
				INFOPLIST_FILE = CCR/Info.plist;
				LD_RUNPATH_SEARCH_PATHS = "$(inherited) @executable_path/Frameworks";
				PRODUCT_BUNDLE_IDENTIFIER = com.yayitserica.CCR;
				PRODUCT_NAME = "$(TARGET_NAME)";
				SWIFT_VERSION = 3.0;
			};
			name = Debug;
		};
		450F1A3A1E4E209D00FAFBB9 /* Release */ = {
			isa = XCBuildConfiguration;
			baseConfigurationReference = EF36A58D27C7D9C0A3F32A28 /* Pods-CCR.release.xcconfig */;
			buildSettings = {
				ALWAYS_EMBED_SWIFT_STANDARD_LIBRARIES = "$(inherited)";
				ASSETCATALOG_COMPILER_APPICON_NAME = AppIcon;
				DEVELOPMENT_TEAM = ZG53357D46;
				INFOPLIST_FILE = CCR/Info.plist;
				LD_RUNPATH_SEARCH_PATHS = "$(inherited) @executable_path/Frameworks";
				PRODUCT_BUNDLE_IDENTIFIER = com.yayitserica.CCR;
				PRODUCT_NAME = "$(TARGET_NAME)";
				SWIFT_VERSION = 3.0;
			};
			name = Release;
		};
/* End XCBuildConfiguration section */

/* Begin XCConfigurationList section */
		450F1A211E4E209D00FAFBB9 /* Build configuration list for PBXProject "CCR" */ = {
			isa = XCConfigurationList;
			buildConfigurations = (
				450F1A361E4E209D00FAFBB9 /* Debug */,
				450F1A371E4E209D00FAFBB9 /* Release */,
			);
			defaultConfigurationIsVisible = 0;
			defaultConfigurationName = Release;
		};
		450F1A381E4E209D00FAFBB9 /* Build configuration list for PBXNativeTarget "CCR" */ = {
			isa = XCConfigurationList;
			buildConfigurations = (
				450F1A391E4E209D00FAFBB9 /* Debug */,
				450F1A3A1E4E209D00FAFBB9 /* Release */,
			);
			defaultConfigurationIsVisible = 0;
			defaultConfigurationName = Release;
		};
/* End XCConfigurationList section */
	};
	rootObject = 450F1A1E1E4E209D00FAFBB9 /* Project object */;
}
